{
  "name": "@llehtahw/mpsqlite",
  "version": "0.2.2",
  "lockfileVersion": 3,
  "requires": true,
  "packages": {
    "": {
      "name": "@llehtahw/mpsqlite",
      "version": "0.2.2",
      "license": "MIT",
      "dependencies": {
        "sql.js": "1.13.0"
      },
      "devDependencies": {
        "@dcloudio/types": "^3.4.28",
        "@types/sql.js": "^1.4.9",
        "@types/webassembly-web-api": "^0.0.7",
        "@types/wechat-miniprogram": "^3.4.9",
        "typescript": "^5.9.3"
      }
    },
    "node_modules/@dcloudio/types": {
      "version": "3.4.28",
      "resolved": "https://registry.npmjs.org/@dcloudio/types/-/types-3.4.28.tgz",
      "integrity": "sha512-uVIRp1VLBkrL0LaGLgIS/sT3bl1zzVTKZQbfqJEQcSAvBffRdirbSh5OvOHfA1WV5lmCAGfjhKsUQouNEVUQHg==",
      "dev": true,
      "license": "Apache-2.0"
    },
    "node_modules/@types/emscripten": {
      "version": "1.41.5",
      "resolved": "https://registry.npmjs.org/@types/emscripten/-/emscripten-1.41.5.tgz",
      "integrity": "sha512-cMQm7pxu6BxtHyqJ7mQZ2kXWV5SLmugybFdHCBbJ5eHzOo6VhBckEgAT3//rP5FwPHNPeEiq4SmQ5ucBwsOo4Q==",
      "dev": true,
      "license": "MIT"
    },
    "node_modules/@types/node": {
      "version": "25.0.3",
      "resolved": "https://registry.npmjs.org/@types/node/-/node-25.0.3.tgz",
      "integrity": "sha512-W609buLVRVmeW693xKfzHeIV6nJGGz98uCPfeXI1ELMLXVeKYZ9m15fAMSaUPBHYLGFsVRcMmSCksQOrZV9BYA==",
      "dev": true,
      "license": "MIT",
      "dependencies": {
        "undici-types": "~7.16.0"
      }
    },
    "node_modules/@types/sql.js": {
      "version": "1.4.9",
      "resolved": "https://registry.npmjs.org/@types/sql.js/-/sql.js-1.4.9.tgz",
      "integrity": "sha512-ep8b36RKHlgWPqjNG9ToUrPiwkhwh0AEzy883mO5Xnd+cL6VBH1EvSjBAAuxLUFF2Vn/moE3Me6v9E1Lo+48GQ==",
      "dev": true,
      "license": "MIT",
      "dependencies": {
        "@types/emscripten": "*",
        "@types/node": "*"
      }
    },
    "node_modules/@types/webassembly-web-api": {
      "version": "0.0.7",
      "resolved": "https://registry.npmjs.org/@types/webassembly-web-api/-/webassembly-web-api-0.0.7.tgz",
      "integrity": "sha512-RtYl13gSHUzUq4dHE566qXtDBnfSOGs1M/arcUjuyhbAlIfs7fG6CnsCYg8uKCYwe980XA+8GGEeab0R8HWzuw==",
      "dev": true,
      "license": "MIT"
    },
    "node_modules/@types/wechat-miniprogram": {
      "version": "3.4.9",
      "resolved": "https://registry.npmjs.org/@types/wechat-miniprogram/-/wechat-miniprogram-3.4.9.tgz",
      "integrity": "sha512-3JONYYpeOnpu507qv9eOZpiF2DIrb6MTM8iYxGE8wjttBa6NOrhxNJdlvGONTx9vVV7jbFAs472qcK2s2C37VA==",
      "dev": true,
      "license": "MIT"
    },
    "node_modules/sql.js": {
      "version": "1.13.0",
      "resolved": "https://registry.npmjs.org/sql.js/-/sql.js-1.13.0.tgz",
      "integrity": "sha512-RJbVP1HRDlUUXahJ7VMTcu9Rm1Nzw+EBpoPr94vnbD4LwR715F3CcxE2G2k45PewcaZ57pjetYa+LoSJLAASgA==",
      "license": "MIT"
    },
    "node_modules/typescript": {
      "version": "5.9.3",
      "resolved": "https://registry.npmjs.org/typescript/-/typescript-5.9.3.tgz",
      "integrity": "sha512-jl1vZzPDinLr9eUt3J/t7V6FgNEw9QjvBPdysz9KfQDD41fQrC2Y4vKQdiaUpFT4bXlb1RHhLpp8wtm6M5TgSw==",
      "dev": true,
      "license": "Apache-2.0",
      "bin": {
        "tsc": "bin/tsc",
        "tsserver": "bin/tsserver"
      },
      "engines": {
        "node": ">=14.17"
      }
    },
    "node_modules/undici-types": {
      "version": "7.16.0",
      "resolved": "https://registry.npmjs.org/undici-types/-/undici-types-7.16.0.tgz",
      "integrity": "sha512-Zz+aZWSj8LE6zoxD+xrjh4VfkIG8Ya6LvYkZqtUQGJPZjYl53ypCaUwWqo7eI0x66KBGeRo+mlBEkMSeSZ38Nw==",
      "dev": true,
      "license": "MIT"
    }
  }
}
